
Microsoft Visual Studio Solution File, Format Version 12.00
# Visual Studio Version 17
VisualStudioVersion = 17.13.35723.152
MinimumVisualStudioVersion = 10.0.40219.1
Project("{FAE04EC0-301F-11D3-BF4B-00C04F79EFBC}") = "SplitEDLCombiner", "SplitEDLCombiner\SplitEDLCombiner.csproj", "{1301B63D-F392-49C0-B83D-4AB41CC89714}"
EndProject
Project("{FAE04EC0-301F-11D3-BF4B-00C04F79EFBC}") = "QualcommEDLProgramStream", "QualcommEDLProgramStream\QualcommEDLProgramStream.csproj", "{1AFC5605-C80A-4F5A-B89C-AD8DE3F81392}"
EndProject
Global
	GlobalSection(SolutionConfigurationPlatforms) = preSolution
		Debug|Any CPU = Debug|Any CPU
		Release|Any CPU = Release|Any CPU
	EndGlobalSection
	GlobalSection(ProjectConfigurationPlatforms) = postSolution
		{1301B63D-F392-49C0-B83D-4AB41CC89714}.Debug|Any CPU.ActiveCfg = Debug|Any CPU
		{1301B63D-F392-49C0-B83D-4AB41CC89714}.Debug|Any CPU.Build.0 = Debug|Any CPU
		{1301B63D-F392-49C0-B83D-4AB41CC89714}.Release|Any CPU.ActiveCfg = Release|Any CPU
		{1301B63D-F392-49C0-B83D-4AB41CC89714}.Release|Any CPU.Build.0 = Release|Any CPU
		{1AFC5605-C80A-4F5A-B89C-AD8DE3F81392}.Debug|Any CPU.ActiveCfg = Debug|Any CPU
		{1AFC5605-C80A-4F5A-B89C-AD8DE3F81392}.Debug|Any CPU.Build.0 = Debug|Any CPU
		{1AFC5605-C80A-4F5A-B89C-AD8DE3F81392}.Release|Any CPU.ActiveCfg = Release|Any CPU
		{1AFC5605-C80A-4F5A-B89C-AD8DE3F81392}.Release|Any CPU.Build.0 = Release|Any CPU
	EndGlobalSection
	GlobalSection(SolutionProperties) = preSolution
		HideSolutionNode = FALSE
	EndGlobalSection
	GlobalSection(ExtensibilityGlobals) = postSolution
		SolutionGuid = {16EF990F-8099-46CD-9D2F-62E293D5A090}
	EndGlobalSection
EndGlobal
